
Microsoft Visual Studio Solution File, Format Version 12.00
# Visual Studio Version 16
VisualStudioVersion = 16.0.31205.134
MinimumVisualStudioVersion = 10.0.40219.1
Project("{FAE04EC0-301F-11D3-BF4B-00C04F79EFBC}") = "EFCrud", "EFCrud\EFCrud.csproj", "{7CFEBBBB-F76C-47AA-A39B-C8081AE6761A}"
EndProject
Global
	GlobalSection(SolutionConfigurationPlatforms) = preSolution
		Debug|Any CPU = Debug|Any CPU
		Release|Any CPU = Release|Any CPU
	EndGlobalSection
	GlobalSection(ProjectConfigurationPlatforms) = postSolution
		{7CFEBBBB-F76C-47AA-A39B-C8081AE6761A}.Debug|Any CPU.ActiveCfg = Debug|Any CPU
		{7CFEBBBB-F76C-47AA-A39B-C8081AE6761A}.Debug|Any CPU.Build.0 = Debug|Any CPU
		{7CFEBBBB-F76C-47AA-A39B-C8081AE6761A}.Release|Any CPU.ActiveCfg = Release|Any CPU
		{7CFEBBBB-F76C-47AA-A39B-C8081AE6761A}.Release|Any CPU.Build.0 = Release|Any CPU
	EndGlobalSection
	GlobalSection(SolutionProperties) = preSolution
		HideSolutionNode = FALSE
	EndGlobalSection
	GlobalSection(ExtensibilityGlobals) = postSolution
		SolutionGuid = {D5F2D6F7-D3DD-4BC0-8DAC-58FCED70DAB1}
	EndGlobalSection
EndGlobal
